{
  "name": "custom-hosts-optimizer",
  "version": "1.0.0",
  "lockfileVersion": 3,
  "requires": true,
  "packages": {
    "": {
      "name": "custom-hosts-optimizer",
      "version": "1.0.0",
      "dependencies": {
        "hono": "^4.6.8"
      },
      "devDependencies": {
        "@cloudflare/workers-types": "^4.20250620.0",
        "wrangler": "^4.20.5"
      },
      "engines": {
        "node": ">=20.0.0"
      }
    }
  }
}
